
Microsoft Visual Studio Solution File, Format Version 12.00
# Visual Studio Version 16
VisualStudioVersion = 16.0.30413.136
MinimumVisualStudioVersion = 10.0.40219.1
Project("{FAE04EC0-301F-11D3-BF4B-00C04F79EFBC}") = "Sample", "Sample\Sample.csproj", "{92933390-2172-4841-A8EB-3E2C950BAA90}"
EndProject
Global
	GlobalSection(SolutionConfigurationPlatforms) = preSolution
		Debug|Any CPU = Debug|Any CPU
		Release|Any CPU = Release|Any CPU
	EndGlobalSection
	GlobalSection(ProjectConfigurationPlatforms) = postSolution
		{92933390-2172-4841-A8EB-3E2C950BAA90}.Debug|Any CPU.ActiveCfg = Debug|Any CPU
		{92933390-2172-4841-A8EB-3E2C950BAA90}.Debug|Any CPU.Build.0 = Debug|Any CPU
		{92933390-2172-4841-A8EB-3E2C950BAA90}.Release|Any CPU.ActiveCfg = Release|Any CPU
		{92933390-2172-4841-A8EB-3E2C950BAA90}.Release|Any CPU.Build.0 = Release|Any CPU
	EndGlobalSection
	GlobalSection(SolutionProperties) = preSolution
		HideSolutionNode = FALSE
	EndGlobalSection
	GlobalSection(ExtensibilityGlobals) = postSolution
		SolutionGuid = {286868B0-1124-453C-A85A-D8F9AB17CFD0}
	EndGlobalSection
EndGlobal
